
Microsoft Visual Studio Solution File, Format Version 12.00
# Visual Studio Version 16
VisualStudioVersion = 16.0.30711.63
MinimumVisualStudioVersion = 10.0.40219.1
Project("{FAE04EC0-301F-11D3-BF4B-00C04F79EFBC}") = "DailyReport", "DailyReport\DailyReport.csproj", "{E4B9ADE2-FEE3-4110-98D6-5F92FA5873B6}"
EndProject
Global
	GlobalSection(SolutionConfigurationPlatforms) = preSolution
		Debug|Any CPU = Debug|Any CPU
		Release|Any CPU = Release|Any CPU
	EndGlobalSection
	GlobalSection(ProjectConfigurationPlatforms) = postSolution
		{E4B9ADE2-FEE3-4110-98D6-5F92FA5873B6}.Debug|Any CPU.ActiveCfg = Debug|Any CPU
		{E4B9ADE2-FEE3-4110-98D6-5F92FA5873B6}.Debug|Any CPU.Build.0 = Debug|Any CPU
		{E4B9ADE2-FEE3-4110-98D6-5F92FA5873B6}.Release|Any CPU.ActiveCfg = Release|Any CPU
		{E4B9ADE2-FEE3-4110-98D6-5F92FA5873B6}.Release|Any CPU.Build.0 = Release|Any CPU
	EndGlobalSection
	GlobalSection(SolutionProperties) = preSolution
		HideSolutionNode = FALSE
	EndGlobalSection
	GlobalSection(ExtensibilityGlobals) = postSolution
		SolutionGuid = {62CE188C-53C1-4B68-AC98-016BF782C3D4}
	EndGlobalSection
EndGlobal
