
Microsoft Visual Studio Solution File, Format Version 12.00
# Visual Studio Version 16
VisualStudioVersion = 16.0.30711.63
MinimumVisualStudioVersion = 10.0.40219.1
Project("{FAE04EC0-301F-11D3-BF4B-00C04F79EFBC}") = "Branching", "Branching\Branching.csproj", "{6F20AB82-7178-42BE-BD10-50602F825430}"
EndProject
Global
	GlobalSection(SolutionConfigurationPlatforms) = preSolution
		Debug|Any CPU = Debug|Any CPU
		Release|Any CPU = Release|Any CPU
	EndGlobalSection
	GlobalSection(ProjectConfigurationPlatforms) = postSolution
		{6F20AB82-7178-42BE-BD10-50602F825430}.Debug|Any CPU.ActiveCfg = Debug|Any CPU
		{6F20AB82-7178-42BE-BD10-50602F825430}.Debug|Any CPU.Build.0 = Debug|Any CPU
		{6F20AB82-7178-42BE-BD10-50602F825430}.Release|Any CPU.ActiveCfg = Release|Any CPU
		{6F20AB82-7178-42BE-BD10-50602F825430}.Release|Any CPU.Build.0 = Release|Any CPU
	EndGlobalSection
	GlobalSection(SolutionProperties) = preSolution
		HideSolutionNode = FALSE
	EndGlobalSection
	GlobalSection(ExtensibilityGlobals) = postSolution
		SolutionGuid = {88D4B782-19DF-4982-BE78-7106347402A4}
	EndGlobalSection
EndGlobal
